
Microsoft Visual Studio Solution File, Format Version 12.00
# Visual Studio Version 17
VisualStudioVersion = 17.7.34221.43
MinimumVisualStudioVersion = 10.0.40219.1
Project("{FAE04EC0-301F-11D3-BF4B-00C04F79EFBC}") = "praca2", "praca2\praca2.csproj", "{686C0B4D-9C75-49CA-AE98-A2E2A12740AD}"
EndProject
Global
	GlobalSection(SolutionConfigurationPlatforms) = preSolution
		Debug|Any CPU = Debug|Any CPU
		Release|Any CPU = Release|Any CPU
	EndGlobalSection
	GlobalSection(ProjectConfigurationPlatforms) = postSolution
		{686C0B4D-9C75-49CA-AE98-A2E2A12740AD}.Debug|Any CPU.ActiveCfg = Debug|Any CPU
		{686C0B4D-9C75-49CA-AE98-A2E2A12740AD}.Debug|Any CPU.Build.0 = Debug|Any CPU
		{686C0B4D-9C75-49CA-AE98-A2E2A12740AD}.Release|Any CPU.ActiveCfg = Release|Any CPU
		{686C0B4D-9C75-49CA-AE98-A2E2A12740AD}.Release|Any CPU.Build.0 = Release|Any CPU
	EndGlobalSection
	GlobalSection(SolutionProperties) = preSolution
		HideSolutionNode = FALSE
	EndGlobalSection
	GlobalSection(ExtensibilityGlobals) = postSolution
		SolutionGuid = {CD153658-58DF-4C8E-AE37-F989F7DC0459}
	EndGlobalSection
EndGlobal
